
Microsoft Visual Studio Solution File, Format Version 12.00
Project("{FAE04EC0-301F-11D3-BF4B-00C04F79EFBC}") = "StartConverter", "StartConverter\StartConverter.csproj", "{7FE7690F-A99A-4F73-80A5-B8314C87A68E}"
EndProject
Project("{FAE04EC0-301F-11D3-BF4B-00C04F79EFBC}") = "Start", "Start\Start.csproj", "{856BFB4A-A305-446C-A540-1962BB035D5A}"
EndProject
Project("{FAE04EC0-301F-11D3-BF4B-00C04F79EFBC}") = "IFC", "IFC\IFC.csproj", "{C509E8A8-34E8-407D-B022-377288F59C5C}"
EndProject
Global
	GlobalSection(SolutionConfigurationPlatforms) = preSolution
		Debug|Any CPU = Debug|Any CPU
		Release|Any CPU = Release|Any CPU
	EndGlobalSection
	GlobalSection(ProjectConfigurationPlatforms) = postSolution
		{7FE7690F-A99A-4F73-80A5-B8314C87A68E}.Debug|Any CPU.ActiveCfg = Debug|Any CPU
		{7FE7690F-A99A-4F73-80A5-B8314C87A68E}.Debug|Any CPU.Build.0 = Debug|Any CPU
		{7FE7690F-A99A-4F73-80A5-B8314C87A68E}.Release|Any CPU.ActiveCfg = Release|Any CPU
		{7FE7690F-A99A-4F73-80A5-B8314C87A68E}.Release|Any CPU.Build.0 = Release|Any CPU
		{856BFB4A-A305-446C-A540-1962BB035D5A}.Debug|Any CPU.ActiveCfg = Debug|Any CPU
		{856BFB4A-A305-446C-A540-1962BB035D5A}.Debug|Any CPU.Build.0 = Debug|Any CPU
		{856BFB4A-A305-446C-A540-1962BB035D5A}.Release|Any CPU.ActiveCfg = Release|Any CPU
		{856BFB4A-A305-446C-A540-1962BB035D5A}.Release|Any CPU.Build.0 = Release|Any CPU
		{C509E8A8-34E8-407D-B022-377288F59C5C}.Debug|Any CPU.ActiveCfg = Debug|Any CPU
		{C509E8A8-34E8-407D-B022-377288F59C5C}.Debug|Any CPU.Build.0 = Debug|Any CPU
		{C509E8A8-34E8-407D-B022-377288F59C5C}.Release|Any CPU.ActiveCfg = Release|Any CPU
		{C509E8A8-34E8-407D-B022-377288F59C5C}.Release|Any CPU.Build.0 = Release|Any CPU
	EndGlobalSection
EndGlobal
