
Microsoft Visual Studio Solution File, Format Version 12.00
# Visual Studio Version 17
VisualStudioVersion = 17.8.34322.80
MinimumVisualStudioVersion = 10.0.40219.1
Project("{FAE04EC0-301F-11D3-BF4B-00C04F79EFBC}") = "IFC_Converter", "IFC_Converter.csproj", "{F9BEC151-D517-4E22-9D93-E80C7BEC75F6}"
EndProject
Project("{FAE04EC0-301F-11D3-BF4B-00C04F79EFBC}") = "Test", "Test\Test.csproj", "{79D9B328-75A7-4A4D-813E-A4E25622E052}"
EndProject
Global
	GlobalSection(SolutionConfigurationPlatforms) = preSolution
		Debug|Any CPU = Debug|Any CPU
		Release|Any CPU = Release|Any CPU
	EndGlobalSection
	GlobalSection(ProjectConfigurationPlatforms) = postSolution
		{F9BEC151-D517-4E22-9D93-E80C7BEC75F6}.Debug|Any CPU.ActiveCfg = Debug|Any CPU
		{F9BEC151-D517-4E22-9D93-E80C7BEC75F6}.Debug|Any CPU.Build.0 = Debug|Any CPU
		{F9BEC151-D517-4E22-9D93-E80C7BEC75F6}.Release|Any CPU.ActiveCfg = Release|Any CPU
		{F9BEC151-D517-4E22-9D93-E80C7BEC75F6}.Release|Any CPU.Build.0 = Release|Any CPU
		{79D9B328-75A7-4A4D-813E-A4E25622E052}.Debug|Any CPU.ActiveCfg = Debug|Any CPU
		{79D9B328-75A7-4A4D-813E-A4E25622E052}.Debug|Any CPU.Build.0 = Debug|Any CPU
		{79D9B328-75A7-4A4D-813E-A4E25622E052}.Release|Any CPU.ActiveCfg = Release|Any CPU
		{79D9B328-75A7-4A4D-813E-A4E25622E052}.Release|Any CPU.Build.0 = Release|Any CPU
	EndGlobalSection
	GlobalSection(SolutionProperties) = preSolution
		HideSolutionNode = FALSE
	EndGlobalSection
	GlobalSection(ExtensibilityGlobals) = postSolution
		SolutionGuid = {135D453B-D698-4F90-B7B1-DA2DD5180F1F}
	EndGlobalSection
EndGlobal
